
Microsoft Visual Studio Solution File, Format Version 12.00
# Visual Studio 15
VisualStudioVersion = 15.0.27130.2024
MinimumVisualStudioVersion = 10.0.40219.1
Project("{FAE04EC0-301F-11D3-BF4B-00C04F79EFBC}") = "InsertionSort", "InsertionSort\InsertionSort.csproj", "{7F63389A-7C4E-40F3-BBBE-6BE6FAE446FD}"
EndProject
Global
	GlobalSection(SolutionConfigurationPlatforms) = preSolution
		Debug|Any CPU = Debug|Any CPU
		Release|Any CPU = Release|Any CPU
	EndGlobalSection
	GlobalSection(ProjectConfigurationPlatforms) = postSolution
		{7F63389A-7C4E-40F3-BBBE-6BE6FAE446FD}.Debug|Any CPU.ActiveCfg = Debug|Any CPU
		{7F63389A-7C4E-40F3-BBBE-6BE6FAE446FD}.Debug|Any CPU.Build.0 = Debug|Any CPU
		{7F63389A-7C4E-40F3-BBBE-6BE6FAE446FD}.Release|Any CPU.ActiveCfg = Release|Any CPU
		{7F63389A-7C4E-40F3-BBBE-6BE6FAE446FD}.Release|Any CPU.Build.0 = Release|Any CPU
	EndGlobalSection
	GlobalSection(SolutionProperties) = preSolution
		HideSolutionNode = FALSE
	EndGlobalSection
	GlobalSection(ExtensibilityGlobals) = postSolution
		SolutionGuid = {AFFA7BCE-FEEB-4474-AAC2-7F2A4ACC5CD8}
	EndGlobalSection
EndGlobal
